{
  "name": "demo",
  "version": "1.0.0",
  "lockfileVersion": 1,
  "requires": true,  
  "dependencies": {
    "nsp": {
      "version": "0.1.1",
      "dependencies": {
        "marked": {
          "version": "4.0.0"
        }
      }
    },
    "marked": {
      "version": "0.3.3"
    },
    "dummy": {
      "version": "0.0.0"
    }
  }
}