{
  "name": "requiresafe",
  "version": "2.0.3",
  "dependencies": {
    "@requiresafe/npm-utils": {
      "version": "2.5.3",
      "dependencies": {
        "semver": {
          "version": "4.3.6"
        }
      }
    },
    "abbrev": {
      "version": "1.0.7"
    },
    "agent-base": {
      "version": "2.0.1"
    },
    "amdefine": {
      "version": "1.0.0"
    },
    "ansi": {
      "version": "0.3.0"
    },
    "ansi-regex": {
      "version": "2.0.0"
    },
    "ansi-styles": {
      "version": "2.1.0"
    },
    "are-we-there-yet": {
      "version": "1.0.4",
      "dependencies": {
        "readable-stream": {
          "version": "1.1.13"
        }
      }
    },
    "argparse": {
      "version": "1.0.2"
    },
    "array-union": {
      "version": "1.0.1"
    },
    "array-uniq": {
      "version": "1.0.2"
    },
    "arrify": {
      "version": "1.0.0"
    },
    "asn1": {
      "version": "0.1.11"
    },
    "assert-plus": {
      "version": "0.1.5"
    },
    "async": {
      "version": "1.4.2"
    },
    "aws-sign2": {
      "version": "0.5.0"
    },
    "balanced-match": {
      "version": "0.2.0"
    },
    "bl": {
      "version": "1.0.0"
    },
    "bluebird": {
      "version": "2.10.2"
    },
    "boom": {
      "version": "2.9.0"
    },
    "bossy": {
      "version": "1.0.3"
    },
    "brace-expansion": {
      "version": "1.1.1"
    },
    "builtin-modules": {
      "version": "1.1.0"
    },
    "camelcase": {
      "version": "1.2.1"
    },
    "caseless": {
      "version": "0.11.0"
    },
    "chalk": {
      "version": "1.1.1"
    },
    "chownr": {
      "version": "0.0.2"
    },
    "cli-table": {
      "version": "0.3.1"
    },
    "cli-width": {
      "version": "1.0.1"
    },
    "cliclopts": {
      "version": "1.1.1"
    },
    "colors": {
      "version": "1.0.3"
    },
    "combined-stream": {
      "version": "1.0.5"
    },
    "commander": {
      "version": "2.8.1"
    },
    "concat-map": {
      "version": "0.0.1"
    },
    "concat-stream": {
      "version": "1.5.0"
    },
    "core-util-is": {
      "version": "1.0.1"
    },
    "cryptiles": {
      "version": "2.0.5"
    },
    "ctype": {
      "version": "0.5.3"
    },
    "d": {
      "version": "0.1.1"
    },
    "debug": {
      "version": "2.2.0"
    },
    "decamelize": {
      "version": "1.0.0"
    },
    "deep-extend": {
      "version": "0.2.11"
    },
    "deep-is": {
      "version": "0.1.3"
    },
    "del": {
      "version": "2.0.2",
      "dependencies": {
        "object-assign": {
          "version": "4.0.1"
        }
      }
    },
    "delayed-stream": {
      "version": "1.0.0"
    },
    "delegates": {
      "version": "0.1.0"
    },
    "diff": {
      "version": "2.1.3"
    },
    "doctrine": {
      "version": "0.7.0"
    },
    "es5-ext": {
      "version": "0.10.8",
      "dependencies": {
        "es6-iterator": {
          "version": "2.0.0"
        },
        "es6-symbol": {
          "version": "3.0.0"
        }
      }
    },
    "es6-iterator": {
      "version": "0.1.3",
      "dependencies": {
        "es6-symbol": {
          "version": "2.0.1"
        }
      }
    },
    "es6-map": {
      "version": "0.1.1"
    },
    "es6-set": {
      "version": "0.1.2",
      "dependencies": {
        "es6-iterator": {
          "version": "2.0.0"
        },
        "es6-symbol": {
          "version": "3.0.0"
        }
      }
    },
    "es6-symbol": {
      "version": "0.1.1"
    },
    "es6-weak-map": {
      "version": "0.1.4",
      "dependencies": {
        "es6-symbol": {
          "version": "2.0.1"
        }
      }
    },
    "escape-string-regexp": {
      "version": "1.0.3"
    },
    "escope": {
      "version": "3.2.0",
      "dependencies": {
        "estraverse": {
          "version": "3.1.0"
        }
      }
    },
    "eslint": {
      "version": "1.5.1",
      "dependencies": {
        "minimatch": {
          "version": "2.0.10"
        },
        "strip-json-comments": {
          "version": "1.0.4"
        }
      }
    },
    "eslint-config-hapi": {
      "version": "3.0.1"
    },
    "eslint-plugin-hapi": {
      "version": "1.2.0"
    },
    "espree": {
      "version": "2.2.5"
    },
    "esrecurse": {
      "version": "3.1.1",
      "dependencies": {
        "estraverse": {
          "version": "3.1.0"
        }
      }
    },
    "estraverse": {
      "version": "4.1.0"
    },
    "estraverse-fb": {
      "version": "1.3.1"
    },
    "esutils": {
      "version": "1.1.6"
    },
    "event-emitter": {
      "version": "0.3.4"
    },
    "exit": {
      "version": "0.1.2"
    },
    "extend": {
      "version": "3.0.0"
    },
    "fast-levenshtein": {
      "version": "1.0.7"
    },
    "figures": {
      "version": "1.4.0"
    },
    "file-entry-cache": {
      "version": "1.2.4",
      "dependencies": {
        "object-assign": {
          "version": "4.0.1"
        }
      }
    },
    "flat-cache": {
      "version": "1.0.9",
      "dependencies": {
        "graceful-fs": {
          "version": "4.1.2"
        }
      }
    },
    "forever-agent": {
      "version": "0.6.1"
    },
    "form-data": {
      "version": "1.0.0-rc3"
    },
    "gauge": {
      "version": "1.2.2"
    },
    "generate-function": {
      "version": "2.0.0"
    },
    "generate-object-property": {
      "version": "1.2.0"
    },
    "get-stdin": {
      "version": "3.0.2"
    },
    "glob": {
      "version": "5.0.15"
    },
    "globals": {
      "version": "8.11.0"
    },
    "globby": {
      "version": "3.0.1",
      "dependencies": {
        "object-assign": {
          "version": "4.0.1"
        }
      }
    },
    "graceful-fs": {
      "version": "3.0.8"
    },
    "graceful-readlink": {
      "version": "1.0.1"
    },
    "handlebars": {
      "version": "4.0.3"
    },
    "hapi-capitalize-modules": {
      "version": "1.1.1"
    },
    "hapi-scope-start": {
      "version": "1.1.2"
    },
    "har-validator": {
      "version": "1.8.0"
    },
    "has-ansi": {
      "version": "2.0.0"
    },
    "has-unicode": {
      "version": "1.0.0"
    },
    "hawk": {
      "version": "3.1.0"
    },
    "hoek": {
      "version": "2.16.3"
    },
    "hosted-git-info": {
      "version": "2.1.4"
    },
    "http-signature": {
      "version": "0.11.0"
    },
    "https-proxy-agent": {
      "version": "1.0.0"
    },
    "inflight": {
      "version": "1.0.4"
    },
    "inherits": {
      "version": "2.0.1"
    },
    "ini": {
      "version": "1.3.4"
    },
    "inquirer": {
      "version": "0.9.0"
    },
    "is-builtin-module": {
      "version": "1.0.0"
    },
    "is-my-json-valid": {
      "version": "2.12.2"
    },
    "is-path-cwd": {
      "version": "1.0.0"
    },
    "is-path-in-cwd": {
      "version": "1.0.0"
    },
    "is-path-inside": {
      "version": "1.0.0"
    },
    "is-property": {
      "version": "1.0.2"
    },
    "is-resolvable": {
      "version": "1.0.0"
    },
    "isarray": {
      "version": "0.0.1"
    },
    "isemail": {
      "version": "1.2.0"
    },
    "isstream": {
      "version": "0.1.2"
    },
    "items": {
      "version": "1.1.1"
    },
    "joi": {
      "version": "6.9.0"
    },
    "js-yaml": {
      "version": "3.4.2",
      "dependencies": {
        "esprima": {
          "version": "2.2.0"
        }
      }
    },
    "jslint": {
      "version": "0.9.3",
      "dependencies": {
        "glob": {
          "version": "4.5.3"
        },
        "minimatch": {
          "version": "2.0.10"
        },
        "readable-stream": {
          "version": "1.0.33"
        }
      }
    },
    "json-stringify-safe": {
      "version": "5.0.1"
    },
    "jsonpointer": {
      "version": "2.0.0"
    },
    "levn": {
      "version": "0.2.5"
    },
    "lodash": {
      "version": "3.10.1"
    },
    "lodash._arraycopy": {
      "version": "3.0.0"
    },
    "lodash._arrayeach": {
      "version": "3.0.0"
    },
    "lodash._arraymap": {
      "version": "3.0.0"
    },
    "lodash._baseassign": {
      "version": "3.2.0"
    },
    "lodash._baseclone": {
      "version": "3.3.0"
    },
    "lodash._basecopy": {
      "version": "3.0.1"
    },
    "lodash._basedifference": {
      "version": "3.0.3"
    },
    "lodash._baseflatten": {
      "version": "3.1.4"
    },
    "lodash._basefor": {
      "version": "3.0.2"
    },
    "lodash._baseindexof": {
      "version": "3.1.0"
    },
    "lodash._basetostring": {
      "version": "3.0.1"
    },
    "lodash._bindcallback": {
      "version": "3.0.1"
    },
    "lodash._cacheindexof": {
      "version": "3.0.2"
    },
    "lodash._createassigner": {
      "version": "3.1.1"
    },
    "lodash._createcache": {
      "version": "3.1.2"
    },
    "lodash._createpadding": {
      "version": "3.6.1"
    },
    "lodash._getnative": {
      "version": "3.9.1"
    },
    "lodash._isiterateecall": {
      "version": "3.0.9"
    },
    "lodash._pickbyarray": {
      "version": "3.0.2"
    },
    "lodash._pickbycallback": {
      "version": "3.0.0"
    },
    "lodash.clonedeep": {
      "version": "3.0.2"
    },
    "lodash.isarguments": {
      "version": "3.0.4"
    },
    "lodash.isarray": {
      "version": "3.0.4"
    },
    "lodash.isplainobject": {
      "version": "3.2.0"
    },
    "lodash.istypedarray": {
      "version": "3.0.2"
    },
    "lodash.keys": {
      "version": "3.1.2"
    },
    "lodash.keysin": {
      "version": "3.0.8"
    },
    "lodash.merge": {
      "version": "3.3.2"
    },
    "lodash.omit": {
      "version": "3.1.0"
    },
    "lodash.pad": {
      "version": "3.1.1"
    },
    "lodash.padleft": {
      "version": "3.1.1"
    },
    "lodash.padright": {
      "version": "3.1.1"
    },
    "lodash.repeat": {
      "version": "3.0.1"
    },
    "lodash.restparam": {
      "version": "3.6.1"
    },
    "lodash.toplainobject": {
      "version": "3.0.0"
    },
    "mime-db": {
      "version": "1.19.0"
    },
    "mime-types": {
      "version": "2.1.7"
    },
    "minimatch": {
      "version": "3.0.0"
    },
    "minimist": {
      "version": "0.0.8"
    },
    "mkdirp": {
      "version": "0.5.1"
    },
    "moment": {
      "version": "2.10.6"
    },
    "ms": {
      "version": "0.7.1"
    },
    "mute-stream": {
      "version": "0.0.4"
    },
    "no-shadow-relaxed": {
      "version": "1.0.1",
      "dependencies": {
        "ansi-regex": {
          "version": "1.1.1"
        },
        "doctrine": {
          "version": "0.6.4"
        },
        "eslint": {
          "version": "0.24.1"
        },
        "inquirer": {
          "version": "0.8.5"
        },
        "minimatch": {
          "version": "2.0.10"
        },
        "strip-json-comments": {
          "version": "1.0.4"
        }
      }
    },
    "node-uuid": {
      "version": "1.4.3"
    },
    "nopt": {
      "version": "3.0.4"
    },
    "normalize-package-data": {
      "version": "2.3.4"
    },
    "npm-package-arg": {
      "version": "4.0.2"
    },
    "npm-registry-client": {
      "version": "6.3.3",
      "dependencies": {
        "semver": {
          "version": "4.3.6"
        }
      }
    },
    "npmlog": {
      "version": "1.2.1"
    },
    "oauth-sign": {
      "version": "0.8.0"
    },
    "object-assign": {
      "version": "2.1.1"
    },
    "once": {
      "version": "1.3.2"
    },
    "optimist": {
      "version": "0.6.1"
    },
    "optionator": {
      "version": "0.5.0"
    },
    "path-is-absolute": {
      "version": "1.0.0"
    },
    "path-is-inside": {
      "version": "1.0.1"
    },
    "pify": {
      "version": "2.2.0"
    },
    "pinkie": {
      "version": "1.0.0"
    },
    "pinkie-promise": {
      "version": "1.0.0"
    },
    "prelude-ls": {
      "version": "1.1.2"
    },
    "process-nextick-args": {
      "version": "1.0.3"
    },
    "qs": {
      "version": "5.1.0"
    },
    "rc": {
      "version": "1.1.2",
      "dependencies": {
        "minimist": {
          "version": "1.2.0"
        }
      }
    },
    "read-json-sync": {
      "version": "1.1.0"
    },
    "readable-stream": {
      "version": "2.0.2"
    },
    "readline2": {
      "version": "0.1.1",
      "dependencies": {
        "ansi-regex": {
          "version": "1.1.1"
        },
        "strip-ansi": {
          "version": "2.0.1"
        }
      }
    },
    "request": {
      "version": "2.64.0"
    },
    "retry": {
      "version": "0.6.1"
    },
    "rimraf": {
      "version": "2.4.3"
    },
    "run-async": {
      "version": "0.1.0"
    },
    "rx": {
      "version": "2.5.3"
    },
    "rx-lite": {
      "version": "2.5.2"
    },
    "semver": {
      "version": "5.0.3"
    },
    "shelljs": {
      "version": "0.3.0"
    },
    "silent-npm-registry-client": {
      "version": "1.0.0"
    },
    "slide": {
      "version": "1.1.6"
    },
    "sntp": {
      "version": "1.0.9"
    },
    "source-map": {
      "version": "0.4.4"
    },
    "source-map-support": {
      "version": "0.3.2",
      "dependencies": {
        "source-map": {
          "version": "0.1.32"
        }
      }
    },
    "spdx-correct": {
      "version": "1.0.1"
    },
    "spdx-exceptions": {
      "version": "1.0.3"
    },
    "spdx-expression-parse": {
      "version": "1.0.0"
    },
    "spdx-license-ids": {
      "version": "1.0.2"
    },
    "sprintf-js": {
      "version": "1.0.3"
    },
    "string_decoder": {
      "version": "0.10.31"
    },
    "stringstream": {
      "version": "0.0.4"
    },
    "strip-ansi": {
      "version": "3.0.0"
    },
    "strip-json-comments": {
      "version": "0.1.3"
    },
    "subcommand": {
      "version": "2.0.3",
      "dependencies": {
        "minimist": {
          "version": "1.2.0"
        }
      }
    },
    "supports-color": {
      "version": "2.0.0"
    },
    "text-table": {
      "version": "0.2.0"
    },
    "through": {
      "version": "2.3.8"
    },
    "to-double-quotes": {
      "version": "1.0.2"
    },
    "to-single-quotes": {
      "version": "1.0.4"
    },
    "topo": {
      "version": "1.1.0"
    },
    "tough-cookie": {
      "version": "2.1.0"
    },
    "tryit": {
      "version": "1.0.1"
    },
    "tunnel-agent": {
      "version": "0.4.1"
    },
    "type-check": {
      "version": "0.3.1"
    },
    "typedarray": {
      "version": "0.0.6"
    },
    "uglify-js": {
      "version": "2.4.24",
      "dependencies": {
        "async": {
          "version": "0.2.10"
        },
        "source-map": {
          "version": "0.1.34"
        }
      }
    },
    "uglify-to-browserify": {
      "version": "1.0.2"
    },
    "user-home": {
      "version": "1.1.1"
    },
    "util-deprecate": {
      "version": "1.0.1"
    },
    "validate-npm-package-license": {
      "version": "3.0.1"
    },
    "window-size": {
      "version": "0.1.0"
    },
    "wordwrap": {
      "version": "0.0.3"
    },
    "wrappy": {
      "version": "1.0.1"
    },
    "wreck": {
      "version": "6.3.0"
    },
    "write": {
      "version": "0.2.1"
    },
    "xml-escape": {
      "version": "1.0.0"
    },
    "xtend": {
      "version": "4.0.0"
    },
    "yargs": {
      "version": "3.5.4",
      "dependencies": {
        "wordwrap": {
          "version": "0.0.2"
        }
      }
    }
  }
}