{
  "name": "nsp",
  "version": "2.6.2",
  "dependencies": {
    "chalk": {
      "version": "1.1.3",
      "dependencies": {
        "ansi-styles": {
          "version": "2.2.1"
        },
        "escape-string-regexp": {
          "version": "1.0.5"
        },
        "has-ansi": {
          "version": "2.0.0",
          "dependencies": {
            "ansi-regex": {
              "version": "2.0.0"
            }
          }
        },
        "strip-ansi": {
          "version": "3.0.1",
          "dependencies": {
            "ansi-regex": {
              "version": "2.0.0"
            }
          }
        },
        "supports-color": {
          "version": "2.0.0"
        }
      }
    },
    "cli-table": {
      "version": "0.3.1",
      "dependencies": {
        "colors": {
          "version": "1.0.3"
        }
      }
    },
    "https-proxy-agent": {
      "version": "1.0.0",
      "dependencies": {
        "agent-base": {
          "version": "2.0.1",
          "dependencies": {
            "semver": {
              "version": "5.0.3"
            }
          }
        },
        "debug": {
          "version": "2.2.0",
          "dependencies": {
            "ms": {
              "version": "0.7.1"
            }
          }
        },
        "extend": {
          "version": "3.0.0"
        }
      }
    },
    "joi": {
      "version": "6.10.1",
      "dependencies": {
        "hoek": {
          "version": "2.16.3"
        },
        "topo": {
          "version": "1.1.0"
        },
        "isemail": {
          "version": "1.2.0"
        },
        "moment": {
          "version": "2.12.0"
        }
      }
    },
    "nodesecurity-npm-utils": {
      "version": "5.0.0"
    },
    "path-is-absolute": {
      "version": "1.0.0"
    },
    "rc": {
      "version": "1.1.6",
      "dependencies": {
        "deep-extend": {
          "version": "0.4.1"
        },
        "ini": {
          "version": "1.3.4"
        },
        "minimist": {
          "version": "1.2.0"
        },
        "strip-json-comments": {
          "version": "1.0.4"
        }
      }
    },
    "semver": {
      "version": "5.1.0"
    },
    "subcommand": {
      "version": "2.0.3",
      "dependencies": {
        "cliclopts": {
          "version": "1.1.1"
        },
        "debug": {
          "version": "2.2.0",
          "dependencies": {
            "ms": {
              "version": "0.7.1"
            }
          }
        },
        "minimist": {
          "version": "1.2.0"
        },
        "xtend": {
          "version": "4.0.1"
        }
      }
    },
    "wreck": {
      "version": "6.3.0",
      "dependencies": {
        "hoek": {
          "version": "2.16.3"
        },
        "boom": {
          "version": "2.10.1"
        }
      }
    }
  }
}
